// !$*UTF8*$!
{
	archiveVersion = 1;
	classes = {
	};
	objectVersion = 50;
	objects = {

/* Begin PBXBuildFile section */
		7B9C34592502DD920059D314 /* AppDelegate.swift in Sources */ = {isa = PBXBuildFile; fileRef = 7B9C34582502DD920059D314 /* AppDelegate.swift */; };
		7B9C345B2502DD920059D314 /* SceneDelegate.swift in Sources */ = {isa = PBXBuildFile; fileRef = 7B9C345A2502DD920059D314 /* SceneDelegate.swift */; };
		7B9C34622502DD930059D314 /* Assets.xcassets in Resources */ = {isa = PBXBuildFile; fileRef = 7B9C34612502DD930059D314 /* Assets.xcassets */; };
		7B9C34652502DD930059D314 /* LaunchScreen.storyboard in Resources */ = {isa = PBXBuildFile; fileRef = 7B9C34632502DD930059D314 /* LaunchScreen.storyboard */; };
		7B9C34702502DD930059D314 /* DropBeersTests.swift in Sources */ = {isa = PBXBuildFile; fileRef = 7B9C346F2502DD930059D314 /* DropBeersTests.swift */; };
		7B9C347B2502DD930059D314 /* DropBeersUITests.swift in Sources */ = {isa = PBXBuildFile; fileRef = 7B9C347A2502DD930059D314 /* DropBeersUITests.swift */; };
		7BA23FF02504033900D72A41 /* NetworkingError.swift in Sources */ = {isa = PBXBuildFile; fileRef = 7BA23FE52504033900D72A41 /* NetworkingError.swift */; };
		7BA23FF12504033900D72A41 /* BaseURL.swift in Sources */ = {isa = PBXBuildFile; fileRef = 7BA23FE62504033900D72A41 /* BaseURL.swift */; };
		7BA23FF22504033900D72A41 /* Response.swift in Sources */ = {isa = PBXBuildFile; fileRef = 7BA23FE72504033900D72A41 /* Response.swift */; };
		7BA23FF32504033900D72A41 /* API.swift in Sources */ = {isa = PBXBuildFile; fileRef = 7BA23FE82504033900D72A41 /* API.swift */; };
		7BA23FF42504033900D72A41 /* Endpoint.swift in Sources */ = {isa = PBXBuildFile; fileRef = 7BA23FE92504033900D72A41 /* Endpoint.swift */; };
		7BA23FF52504033900D72A41 /* NetworkManager.swift in Sources */ = {isa = PBXBuildFile; fileRef = 7BA23FEA2504033900D72A41 /* NetworkManager.swift */; };
		7BA23FF72504039200D72A41 /* PunkAPIEndpoint.swift in Sources */ = {isa = PBXBuildFile; fileRef = 7BA23FF62504039200D72A41 /* PunkAPIEndpoint.swift */; };
		7BA23FFA250405EE00D72A41 /* Alamofire.framework in Frameworks */ = {isa = PBXBuildFile; fileRef = 7BA23FF9250405EE00D72A41 /* Alamofire.framework */; };
		7BA23FFB250405EE00D72A41 /* Alamofire.framework in Embed Frameworks */ = {isa = PBXBuildFile; fileRef = 7BA23FF9250405EE00D72A41 /* Alamofire.framework */; settings = {ATTRIBUTES = (CodeSignOnCopy, RemoveHeadersOnCopy, ); }; };
		7BA23FFF2504075E00D72A41 /* GlobalVariables.swift in Sources */ = {isa = PBXBuildFile; fileRef = 7BA23FFE2504075E00D72A41 /* GlobalVariables.swift */; };
		7BA2400325040AEE00D72A41 /* BeerListViewController.swift in Sources */ = {isa = PBXBuildFile; fileRef = 7BA2400225040AEE00D72A41 /* BeerListViewController.swift */; };
		7BA2400525040AFB00D72A41 /* BeerListViewModel.swift in Sources */ = {isa = PBXBuildFile; fileRef = 7BA2400425040AFB00D72A41 /* BeerListViewModel.swift */; };
		7BA2400725040C7A00D72A41 /* BaseViewController.swift in Sources */ = {isa = PBXBuildFile; fileRef = 7BA2400625040C7A00D72A41 /* BaseViewController.swift */; };
		7BA2400925040CA200D72A41 /* Instantiatable.swift in Sources */ = {isa = PBXBuildFile; fileRef = 7BA2400825040CA200D72A41 /* Instantiatable.swift */; };
		7BA2400B25040E7000D72A41 /* BeerList.storyboard in Resources */ = {isa = PBXBuildFile; fileRef = 7BA2400A25040E7000D72A41 /* BeerList.storyboard */; };
/* End PBXBuildFile section */

/* Begin PBXContainerItemProxy section */
		7B9C346C2502DD930059D314 /* PBXContainerItemProxy */ = {
			isa = PBXContainerItemProxy;
			containerPortal = 7B9C344D2502DD920059D314 /* Project object */;
			proxyType = 1;
			remoteGlobalIDString = 7B9C34542502DD920059D314;
			remoteInfo = DropBeers;
		};
		7B9C34772502DD930059D314 /* PBXContainerItemProxy */ = {
			isa = PBXContainerItemProxy;
			containerPortal = 7B9C344D2502DD920059D314 /* Project object */;
			proxyType = 1;
			remoteGlobalIDString = 7B9C34542502DD920059D314;
			remoteInfo = DropBeers;
		};
/* End PBXContainerItemProxy section */

/* Begin PBXCopyFilesBuildPhase section */
		7BA23FFC250405EE00D72A41 /* Embed Frameworks */ = {
			isa = PBXCopyFilesBuildPhase;
			buildActionMask = 2147483647;
			dstPath = "";
			dstSubfolderSpec = 10;
			files = (
				7BA23FFB250405EE00D72A41 /* Alamofire.framework in Embed Frameworks */,
			);
			name = "Embed Frameworks";
			runOnlyForDeploymentPostprocessing = 0;
		};
/* End PBXCopyFilesBuildPhase section */

/* Begin PBXFileReference section */
		7B9C34552502DD920059D314 /* DropBeers.app */ = {isa = PBXFileReference; explicitFileType = wrapper.application; includeInIndex = 0; path = DropBeers.app; sourceTree = BUILT_PRODUCTS_DIR; };
		7B9C34582502DD920059D314 /* AppDelegate.swift */ = {isa = PBXFileReference; lastKnownFileType = sourcecode.swift; path = AppDelegate.swift; sourceTree = "<group>"; };
		7B9C345A2502DD920059D314 /* SceneDelegate.swift */ = {isa = PBXFileReference; lastKnownFileType = sourcecode.swift; path = SceneDelegate.swift; sourceTree = "<group>"; };
		7B9C34612502DD930059D314 /* Assets.xcassets */ = {isa = PBXFileReference; lastKnownFileType = folder.assetcatalog; path = Assets.xcassets; sourceTree = "<group>"; };
		7B9C34642502DD930059D314 /* Base */ = {isa = PBXFileReference; lastKnownFileType = file.storyboard; name = Base; path = Base.lproj/LaunchScreen.storyboard; sourceTree = "<group>"; };
		7B9C34662502DD930059D314 /* Info.plist */ = {isa = PBXFileReference; lastKnownFileType = text.plist.xml; path = Info.plist; sourceTree = "<group>"; };
		7B9C346B2502DD930059D314 /* DropBeersTests.xctest */ = {isa = PBXFileReference; explicitFileType = wrapper.cfbundle; includeInIndex = 0; path = DropBeersTests.xctest; sourceTree = BUILT_PRODUCTS_DIR; };
		7B9C346F2502DD930059D314 /* DropBeersTests.swift */ = {isa = PBXFileReference; lastKnownFileType = sourcecode.swift; path = DropBeersTests.swift; sourceTree = "<group>"; };
		7B9C34712502DD930059D314 /* Info.plist */ = {isa = PBXFileReference; lastKnownFileType = text.plist.xml; path = Info.plist; sourceTree = "<group>"; };
		7B9C34762502DD930059D314 /* DropBeersUITests.xctest */ = {isa = PBXFileReference; explicitFileType = wrapper.cfbundle; includeInIndex = 0; path = DropBeersUITests.xctest; sourceTree = BUILT_PRODUCTS_DIR; };
		7B9C347A2502DD930059D314 /* DropBeersUITests.swift */ = {isa = PBXFileReference; lastKnownFileType = sourcecode.swift; path = DropBeersUITests.swift; sourceTree = "<group>"; };
		7B9C347C2502DD930059D314 /* Info.plist */ = {isa = PBXFileReference; lastKnownFileType = text.plist.xml; path = Info.plist; sourceTree = "<group>"; };
		7BA23FE52504033900D72A41 /* NetworkingError.swift */ = {isa = PBXFileReference; fileEncoding = 4; lastKnownFileType = sourcecode.swift; path = NetworkingError.swift; sourceTree = "<group>"; };
		7BA23FE62504033900D72A41 /* BaseURL.swift */ = {isa = PBXFileReference; fileEncoding = 4; lastKnownFileType = sourcecode.swift; path = BaseURL.swift; sourceTree = "<group>"; };
		7BA23FE72504033900D72A41 /* Response.swift */ = {isa = PBXFileReference; fileEncoding = 4; lastKnownFileType = sourcecode.swift; path = Response.swift; sourceTree = "<group>"; };
		7BA23FE82504033900D72A41 /* API.swift */ = {isa = PBXFileReference; fileEncoding = 4; lastKnownFileType = sourcecode.swift; path = API.swift; sourceTree = "<group>"; };
		7BA23FE92504033900D72A41 /* Endpoint.swift */ = {isa = PBXFileReference; fileEncoding = 4; lastKnownFileType = sourcecode.swift; path = Endpoint.swift; sourceTree = "<group>"; };
		7BA23FEA2504033900D72A41 /* NetworkManager.swift */ = {isa = PBXFileReference; fileEncoding = 4; lastKnownFileType = sourcecode.swift; path = NetworkManager.swift; sourceTree = "<group>"; };
		7BA23FF62504039200D72A41 /* PunkAPIEndpoint.swift */ = {isa = PBXFileReference; lastKnownFileType = sourcecode.swift; path = PunkAPIEndpoint.swift; sourceTree = "<group>"; };
		7BA23FF9250405EE00D72A41 /* Alamofire.framework */ = {isa = PBXFileReference; lastKnownFileType = wrapper.framework; name = Alamofire.framework; path = Carthage/Build/iOS/Alamofire.framework; sourceTree = "<group>"; };
		7BA23FFE2504075E00D72A41 /* GlobalVariables.swift */ = {isa = PBXFileReference; lastKnownFileType = sourcecode.swift; path = GlobalVariables.swift; sourceTree = "<group>"; };
		7BA2400225040AEE00D72A41 /* BeerListViewController.swift */ = {isa = PBXFileReference; lastKnownFileType = sourcecode.swift; path = BeerListViewController.swift; sourceTree = "<group>"; };
		7BA2400425040AFB00D72A41 /* BeerListViewModel.swift */ = {isa = PBXFileReference; lastKnownFileType = sourcecode.swift; path = BeerListViewModel.swift; sourceTree = "<group>"; };
		7BA2400625040C7A00D72A41 /* BaseViewController.swift */ = {isa = PBXFileReference; lastKnownFileType = sourcecode.swift; path = BaseViewController.swift; sourceTree = "<group>"; };
		7BA2400825040CA200D72A41 /* Instantiatable.swift */ = {isa = PBXFileReference; lastKnownFileType = sourcecode.swift; path = Instantiatable.swift; sourceTree = "<group>"; };
		7BA2400A25040E7000D72A41 /* BeerList.storyboard */ = {isa = PBXFileReference; lastKnownFileType = file.storyboard; path = BeerList.storyboard; sourceTree = "<group>"; };
/* End PBXFileReference section */

/* Begin PBXFrameworksBuildPhase section */
		7B9C34522502DD920059D314 /* Frameworks */ = {
			isa = PBXFrameworksBuildPhase;
			buildActionMask = 2147483647;
			files = (
				7BA23FFA250405EE00D72A41 /* Alamofire.framework in Frameworks */,
			);
			runOnlyForDeploymentPostprocessing = 0;
		};
		7B9C34682502DD930059D314 /* Frameworks */ = {
			isa = PBXFrameworksBuildPhase;
			buildActionMask = 2147483647;
			files = (
			);
			runOnlyForDeploymentPostprocessing = 0;
		};
		7B9C34732502DD930059D314 /* Frameworks */ = {
			isa = PBXFrameworksBuildPhase;
			buildActionMask = 2147483647;
			files = (
			);
			runOnlyForDeploymentPostprocessing = 0;
		};
/* End PBXFrameworksBuildPhase section */

/* Begin PBXGroup section */
		7B9C344C2502DD920059D314 = {
			isa = PBXGroup;
			children = (
				7B9C34572502DD920059D314 /* DropBeers */,
				7B9C346E2502DD930059D314 /* DropBeersTests */,
				7B9C34792502DD930059D314 /* DropBeersUITests */,
				7B9C34562502DD920059D314 /* Products */,
				7BA23FF8250405EE00D72A41 /* Frameworks */,
			);
			sourceTree = "<group>";
		};
		7B9C34562502DD920059D314 /* Products */ = {
			isa = PBXGroup;
			children = (
				7B9C34552502DD920059D314 /* DropBeers.app */,
				7B9C346B2502DD930059D314 /* DropBeersTests.xctest */,
				7B9C34762502DD930059D314 /* DropBeersUITests.xctest */,
			);
			name = Products;
			sourceTree = "<group>";
		};
		7B9C34572502DD920059D314 /* DropBeers */ = {
			isa = PBXGroup;
			children = (
				7BA2400025040AC900D72A41 /* Scenes */,
				7BA23FFD2504073F00D72A41 /* Helpers */,
				7B9C34582502DD920059D314 /* AppDelegate.swift */,
				7B9C345A2502DD920059D314 /* SceneDelegate.swift */,
				7B9C34612502DD930059D314 /* Assets.xcassets */,
				7B9C34632502DD930059D314 /* LaunchScreen.storyboard */,
				7B9C34662502DD930059D314 /* Info.plist */,
				7BA23FD92504033900D72A41 /* Networking */,
			);
			path = DropBeers;
			sourceTree = "<group>";
		};
		7B9C346E2502DD930059D314 /* DropBeersTests */ = {
			isa = PBXGroup;
			children = (
				7B9C346F2502DD930059D314 /* DropBeersTests.swift */,
				7B9C34712502DD930059D314 /* Info.plist */,
			);
			path = DropBeersTests;
			sourceTree = "<group>";
		};
		7B9C34792502DD930059D314 /* DropBeersUITests */ = {
			isa = PBXGroup;
			children = (
				7B9C347A2502DD930059D314 /* DropBeersUITests.swift */,
				7B9C347C2502DD930059D314 /* Info.plist */,
			);
			path = DropBeersUITests;
			sourceTree = "<group>";
		};
		7BA23FD92504033900D72A41 /* Networking */ = {
			isa = PBXGroup;
			children = (
				7BA23FDA2504033900D72A41 /* Network Models */,
				7BA23FE12504033900D72A41 /* Endpoints */,
				7BA23FE32504033900D72A41 /* Network Manager */,
			);
			path = Networking;
			sourceTree = "<group>";
		};
		7BA23FDA2504033900D72A41 /* Network Models */ = {
			isa = PBXGroup;
			children = (
			);
			path = "Network Models";
			sourceTree = "<group>";
		};
		7BA23FE12504033900D72A41 /* Endpoints */ = {
			isa = PBXGroup;
			children = (
				7BA23FF62504039200D72A41 /* PunkAPIEndpoint.swift */,
			);
			path = Endpoints;
			sourceTree = "<group>";
		};
		7BA23FE32504033900D72A41 /* Network Manager */ = {
			isa = PBXGroup;
			children = (
				7BA23FE42504033900D72A41 /* Network Helpers */,
				7BA23FEA2504033900D72A41 /* NetworkManager.swift */,
			);
			path = "Network Manager";
			sourceTree = "<group>";
		};
		7BA23FE42504033900D72A41 /* Network Helpers */ = {
			isa = PBXGroup;
			children = (
				7BA23FE52504033900D72A41 /* NetworkingError.swift */,
				7BA23FE62504033900D72A41 /* BaseURL.swift */,
				7BA23FE72504033900D72A41 /* Response.swift */,
				7BA23FE82504033900D72A41 /* API.swift */,
				7BA23FE92504033900D72A41 /* Endpoint.swift */,
			);
			path = "Network Helpers";
			sourceTree = "<group>";
		};
		7BA23FF8250405EE00D72A41 /* Frameworks */ = {
			isa = PBXGroup;
			children = (
				7BA23FF9250405EE00D72A41 /* Alamofire.framework */,
			);
			name = Frameworks;
			sourceTree = "<group>";
		};
		7BA23FFD2504073F00D72A41 /* Helpers */ = {
			isa = PBXGroup;
			children = (
				7BA23FFE2504075E00D72A41 /* GlobalVariables.swift */,
				7BA2400625040C7A00D72A41 /* BaseViewController.swift */,
				7BA2400825040CA200D72A41 /* Instantiatable.swift */,
			);
			path = Helpers;
			sourceTree = "<group>";
		};
		7BA2400025040AC900D72A41 /* Scenes */ = {
			isa = PBXGroup;
			children = (
				7BA2400125040AD200D72A41 /* BeerList */,
			);
			path = Scenes;
			sourceTree = "<group>";
		};
		7BA2400125040AD200D72A41 /* BeerList */ = {
			isa = PBXGroup;
			children = (
				7BA2400A25040E7000D72A41 /* BeerList.storyboard */,
				7BA2400225040AEE00D72A41 /* BeerListViewController.swift */,
				7BA2400425040AFB00D72A41 /* BeerListViewModel.swift */,
			);
			path = BeerList;
			sourceTree = "<group>";
		};
/* End PBXGroup section */

/* Begin PBXNativeTarget section */
		7B9C34542502DD920059D314 /* DropBeers */ = {
			isa = PBXNativeTarget;
			buildConfigurationList = 7B9C347F2502DD930059D314 /* Build configuration list for PBXNativeTarget "DropBeers" */;
			buildPhases = (
				7B9C34512502DD920059D314 /* Sources */,
				7B9C34522502DD920059D314 /* Frameworks */,
				7B9C34532502DD920059D314 /* Resources */,
				7BA23FFC250405EE00D72A41 /* Embed Frameworks */,
			);
			buildRules = (
			);
			dependencies = (
			);
			name = DropBeers;
			productName = DropBeers;
			productReference = 7B9C34552502DD920059D314 /* DropBeers.app */;
			productType = "com.apple.product-type.application";
		};
		7B9C346A2502DD930059D314 /* DropBeersTests */ = {
			isa = PBXNativeTarget;
			buildConfigurationList = 7B9C34822502DD930059D314 /* Build configuration list for PBXNativeTarget "DropBeersTests" */;
			buildPhases = (
				7B9C34672502DD930059D314 /* Sources */,
				7B9C34682502DD930059D314 /* Frameworks */,
				7B9C34692502DD930059D314 /* Resources */,
			);
			buildRules = (
			);
			dependencies = (
				7B9C346D2502DD930059D314 /* PBXTargetDependency */,
			);
			name = DropBeersTests;
			productName = DropBeersTests;
			productReference = 7B9C346B2502DD930059D314 /* DropBeersTests.xctest */;
			productType = "com.apple.product-type.bundle.unit-test";
		};
		7B9C34752502DD930059D314 /* DropBeersUITests */ = {
			isa = PBXNativeTarget;
			buildConfigurationList = 7B9C34852502DD930059D314 /* Build configuration list for PBXNativeTarget "DropBeersUITests" */;
			buildPhases = (
				7B9C34722502DD930059D314 /* Sources */,
				7B9C34732502DD930059D314 /* Frameworks */,
				7B9C34742502DD930059D314 /* Resources */,
			);
			buildRules = (
			);
			dependencies = (
				7B9C34782502DD930059D314 /* PBXTargetDependency */,
			);
			name = DropBeersUITests;
			productName = DropBeersUITests;
			productReference = 7B9C34762502DD930059D314 /* DropBeersUITests.xctest */;
			productType = "com.apple.product-type.bundle.ui-testing";
		};
/* End PBXNativeTarget section */

/* Begin PBXProject section */
		7B9C344D2502DD920059D314 /* Project object */ = {
			isa = PBXProject;
			attributes = {
				LastSwiftUpdateCheck = 1170;
				LastUpgradeCheck = 1170;
				TargetAttributes = {
					7B9C34542502DD920059D314 = {
						CreatedOnToolsVersion = 11.7;
					};
					7B9C346A2502DD930059D314 = {
						CreatedOnToolsVersion = 11.7;
						TestTargetID = 7B9C34542502DD920059D314;
					};
					7B9C34752502DD930059D314 = {
						CreatedOnToolsVersion = 11.7;
						TestTargetID = 7B9C34542502DD920059D314;
					};
				};
			};
			buildConfigurationList = 7B9C34502502DD920059D314 /* Build configuration list for PBXProject "DropBeers" */;
			compatibilityVersion = "Xcode 9.3";
			developmentRegion = en;
			hasScannedForEncodings = 0;
			knownRegions = (
				en,
				Base,
			);
			mainGroup = 7B9C344C2502DD920059D314;
			productRefGroup = 7B9C34562502DD920059D314 /* Products */;
			projectDirPath = "";
			projectRoot = "";
			targets = (
				7B9C34542502DD920059D314 /* DropBeers */,
				7B9C346A2502DD930059D314 /* DropBeersTests */,
				7B9C34752502DD930059D314 /* DropBeersUITests */,
			);
		};
/* End PBXProject section */

/* Begin PBXResourcesBuildPhase section */
		7B9C34532502DD920059D314 /* Resources */ = {
			isa = PBXResourcesBuildPhase;
			buildActionMask = 2147483647;
			files = (
				7BA2400B25040E7000D72A41 /* BeerList.storyboard in Resources */,
				7B9C34652502DD930059D314 /* LaunchScreen.storyboard in Resources */,
				7B9C34622502DD930059D314 /* Assets.xcassets in Resources */,
			);
			runOnlyForDeploymentPostprocessing = 0;
		};
		7B9C34692502DD930059D314 /* Resources */ = {
			isa = PBXResourcesBuildPhase;
			buildActionMask = 2147483647;
			files = (
			);
			runOnlyForDeploymentPostprocessing = 0;
		};
		7B9C34742502DD930059D314 /* Resources */ = {
			isa = PBXResourcesBuildPhase;
			buildActionMask = 2147483647;
			files = (
			);
			runOnlyForDeploymentPostprocessing = 0;
		};
/* End PBXResourcesBuildPhase section */

/* Begin PBXSourcesBuildPhase section */
		7B9C34512502DD920059D314 /* Sources */ = {
			isa = PBXSourcesBuildPhase;
			buildActionMask = 2147483647;
			files = (
				7BA2400725040C7A00D72A41 /* BaseViewController.swift in Sources */,
				7BA2400325040AEE00D72A41 /* BeerListViewController.swift in Sources */,
				7BA2400525040AFB00D72A41 /* BeerListViewModel.swift in Sources */,
				7BA23FF12504033900D72A41 /* BaseURL.swift in Sources */,
				7BA23FF42504033900D72A41 /* Endpoint.swift in Sources */,
				7BA23FF02504033900D72A41 /* NetworkingError.swift in Sources */,
				7B9C34592502DD920059D314 /* AppDelegate.swift in Sources */,
				7BA23FF22504033900D72A41 /* Response.swift in Sources */,
				7BA23FFF2504075E00D72A41 /* GlobalVariables.swift in Sources */,
				7BA23FF52504033900D72A41 /* NetworkManager.swift in Sources */,
				7BA23FF32504033900D72A41 /* API.swift in Sources */,
				7B9C345B2502DD920059D314 /* SceneDelegate.swift in Sources */,
				7BA2400925040CA200D72A41 /* Instantiatable.swift in Sources */,
				7BA23FF72504039200D72A41 /* PunkAPIEndpoint.swift in Sources */,
			);
			runOnlyForDeploymentPostprocessing = 0;
		};
		7B9C34672502DD930059D314 /* Sources */ = {
			isa = PBXSourcesBuildPhase;
			buildActionMask = 2147483647;
			files = (
				7B9C34702502DD930059D314 /* DropBeersTests.swift in Sources */,
			);
			runOnlyForDeploymentPostprocessing = 0;
		};
		7B9C34722502DD930059D314 /* Sources */ = {
			isa = PBXSourcesBuildPhase;
			buildActionMask = 2147483647;
			files = (
				7B9C347B2502DD930059D314 /* DropBeersUITests.swift in Sources */,
			);
			runOnlyForDeploymentPostprocessing = 0;
		};
/* End PBXSourcesBuildPhase section */

/* Begin PBXTargetDependency section */
		7B9C346D2502DD930059D314 /* PBXTargetDependency */ = {
			isa = PBXTargetDependency;
			target = 7B9C34542502DD920059D314 /* DropBeers */;
			targetProxy = 7B9C346C2502DD930059D314 /* PBXContainerItemProxy */;
		};
		7B9C34782502DD930059D314 /* PBXTargetDependency */ = {
			isa = PBXTargetDependency;
			target = 7B9C34542502DD920059D314 /* DropBeers */;
			targetProxy = 7B9C34772502DD930059D314 /* PBXContainerItemProxy */;
		};
/* End PBXTargetDependency section */

/* Begin PBXVariantGroup section */
		7B9C34632502DD930059D314 /* LaunchScreen.storyboard */ = {
			isa = PBXVariantGroup;
			children = (
				7B9C34642502DD930059D314 /* Base */,
			);
			name = LaunchScreen.storyboard;
			sourceTree = "<group>";
		};
/* End PBXVariantGroup section */

/* Begin XCBuildConfiguration section */
		7B9C347D2502DD930059D314 /* Debug */ = {
			isa = XCBuildConfiguration;
			buildSettings = {
				ALWAYS_SEARCH_USER_PATHS = NO;
				CLANG_ANALYZER_NONNULL = YES;
				CLANG_ANALYZER_NUMBER_OBJECT_CONVERSION = YES_AGGRESSIVE;
				CLANG_CXX_LANGUAGE_STANDARD = "gnu++14";
				CLANG_CXX_LIBRARY = "libc++";
				CLANG_ENABLE_MODULES = YES;
				CLANG_ENABLE_OBJC_ARC = YES;
				CLANG_ENABLE_OBJC_WEAK = YES;
				CLANG_WARN_BLOCK_CAPTURE_AUTORELEASING = YES;
				CLANG_WARN_BOOL_CONVERSION = YES;
				CLANG_WARN_COMMA = YES;
				CLANG_WARN_CONSTANT_CONVERSION = YES;
				CLANG_WARN_DEPRECATED_OBJC_IMPLEMENTATIONS = YES;
				CLANG_WARN_DIRECT_OBJC_ISA_USAGE = YES_ERROR;
				CLANG_WARN_DOCUMENTATION_COMMENTS = YES;
				CLANG_WARN_EMPTY_BODY = YES;
				CLANG_WARN_ENUM_CONVERSION = YES;
				CLANG_WARN_INFINITE_RECURSION = YES;
				CLANG_WARN_INT_CONVERSION = YES;
				CLANG_WARN_NON_LITERAL_NULL_CONVERSION = YES;
				CLANG_WARN_OBJC_IMPLICIT_RETAIN_SELF = YES;
				CLANG_WARN_OBJC_LITERAL_CONVERSION = YES;
				CLANG_WARN_OBJC_ROOT_CLASS = YES_ERROR;
				CLANG_WARN_RANGE_LOOP_ANALYSIS = YES;
				CLANG_WARN_STRICT_PROTOTYPES = YES;
				CLANG_WARN_SUSPICIOUS_MOVE = YES;
				CLANG_WARN_UNGUARDED_AVAILABILITY = YES_AGGRESSIVE;
				CLANG_WARN_UNREACHABLE_CODE = YES;
				CLANG_WARN__DUPLICATE_METHOD_MATCH = YES;
				COPY_PHASE_STRIP = NO;
				DEBUG_INFORMATION_FORMAT = dwarf;
				ENABLE_STRICT_OBJC_MSGSEND = YES;
				ENABLE_TESTABILITY = YES;
				GCC_C_LANGUAGE_STANDARD = gnu11;
				GCC_DYNAMIC_NO_PIC = NO;
				GCC_NO_COMMON_BLOCKS = YES;
				GCC_OPTIMIZATION_LEVEL = 0;
				GCC_PREPROCESSOR_DEFINITIONS = (
					"DEBUG=1",
					"$(inherited)",
				);
				GCC_WARN_64_TO_32_BIT_CONVERSION = YES;
				GCC_WARN_ABOUT_RETURN_TYPE = YES_ERROR;
				GCC_WARN_UNDECLARED_SELECTOR = YES;
				GCC_WARN_UNINITIALIZED_AUTOS = YES_AGGRESSIVE;
				GCC_WARN_UNUSED_FUNCTION = YES;
				GCC_WARN_UNUSED_VARIABLE = YES;
				IPHONEOS_DEPLOYMENT_TARGET = 13.7;
				MTL_ENABLE_DEBUG_INFO = INCLUDE_SOURCE;
				MTL_FAST_MATH = YES;
				ONLY_ACTIVE_ARCH = YES;
				SDKROOT = iphoneos;
				SWIFT_ACTIVE_COMPILATION_CONDITIONS = DEBUG;
				SWIFT_OPTIMIZATION_LEVEL = "-Onone";
			};
			name = Debug;
		};
		7B9C347E2502DD930059D314 /* Release */ = {
			isa = XCBuildConfiguration;
			buildSettings = {
				ALWAYS_SEARCH_USER_PATHS = NO;
				CLANG_ANALYZER_NONNULL = YES;
				CLANG_ANALYZER_NUMBER_OBJECT_CONVERSION = YES_AGGRESSIVE;
				CLANG_CXX_LANGUAGE_STANDARD = "gnu++14";
				CLANG_CXX_LIBRARY = "libc++";
				CLANG_ENABLE_MODULES = YES;
				CLANG_ENABLE_OBJC_ARC = YES;
				CLANG_ENABLE_OBJC_WEAK = YES;
				CLANG_WARN_BLOCK_CAPTURE_AUTORELEASING = YES;
				CLANG_WARN_BOOL_CONVERSION = YES;
				CLANG_WARN_COMMA = YES;
				CLANG_WARN_CONSTANT_CONVERSION = YES;
				CLANG_WARN_DEPRECATED_OBJC_IMPLEMENTATIONS = YES;
				CLANG_WARN_DIRECT_OBJC_ISA_USAGE = YES_ERROR;
				CLANG_WARN_DOCUMENTATION_COMMENTS = YES;
				CLANG_WARN_EMPTY_BODY = YES;
				CLANG_WARN_ENUM_CONVERSION = YES;
				CLANG_WARN_INFINITE_RECURSION = YES;
				CLANG_WARN_INT_CONVERSION = YES;
				CLANG_WARN_NON_LITERAL_NULL_CONVERSION = YES;
				CLANG_WARN_OBJC_IMPLICIT_RETAIN_SELF = YES;
				CLANG_WARN_OBJC_LITERAL_CONVERSION = YES;
				CLANG_WARN_OBJC_ROOT_CLASS = YES_ERROR;
				CLANG_WARN_RANGE_LOOP_ANALYSIS = YES;
				CLANG_WARN_STRICT_PROTOTYPES = YES;
				CLANG_WARN_SUSPICIOUS_MOVE = YES;
				CLANG_WARN_UNGUARDED_AVAILABILITY = YES_AGGRESSIVE;
				CLANG_WARN_UNREACHABLE_CODE = YES;
				CLANG_WARN__DUPLICATE_METHOD_MATCH = YES;
				COPY_PHASE_STRIP = NO;
				DEBUG_INFORMATION_FORMAT = "dwarf-with-dsym";
				ENABLE_NS_ASSERTIONS = NO;
				ENABLE_STRICT_OBJC_MSGSEND = YES;
				GCC_C_LANGUAGE_STANDARD = gnu11;
				GCC_NO_COMMON_BLOCKS = YES;
				GCC_WARN_64_TO_32_BIT_CONVERSION = YES;
				GCC_WARN_ABOUT_RETURN_TYPE = YES_ERROR;
				GCC_WARN_UNDECLARED_SELECTOR = YES;
				GCC_WARN_UNINITIALIZED_AUTOS = YES_AGGRESSIVE;
				GCC_WARN_UNUSED_FUNCTION = YES;
				GCC_WARN_UNUSED_VARIABLE = YES;
				IPHONEOS_DEPLOYMENT_TARGET = 13.7;
				MTL_ENABLE_DEBUG_INFO = NO;
				MTL_FAST_MATH = YES;
				SDKROOT = iphoneos;
				SWIFT_COMPILATION_MODE = wholemodule;
				SWIFT_OPTIMIZATION_LEVEL = "-O";
				VALIDATE_PRODUCT = YES;
			};
			name = Release;
		};
		7B9C34802502DD930059D314 /* Debug */ = {
			isa = XCBuildConfiguration;
			buildSettings = {
				ASSETCATALOG_COMPILER_APPICON_NAME = AppIcon;
				CODE_SIGN_STYLE = Automatic;
				DEVELOPMENT_TEAM = YDABZ672Z5;
				FRAMEWORK_SEARCH_PATHS = (
					"$(inherited)",
					"$(PROJECT_DIR)/Carthage/Build/iOS",
				);
				INFOPLIST_FILE = DropBeers/Info.plist;
				LD_RUNPATH_SEARCH_PATHS = (
					"$(inherited)",
					"@executable_path/Frameworks",
				);
				PRODUCT_BUNDLE_IDENTIFIER = com.DropBeers;
				PRODUCT_NAME = "$(TARGET_NAME)";
				SWIFT_VERSION = 5.0;
				TARGETED_DEVICE_FAMILY = 1;
			};
			name = Debug;
		};
		7B9C34812502DD930059D314 /* Release */ = {
			isa = XCBuildConfiguration;
			buildSettings = {
				ASSETCATALOG_COMPILER_APPICON_NAME = AppIcon;
				CODE_SIGN_STYLE = Automatic;
				DEVELOPMENT_TEAM = YDABZ672Z5;
				FRAMEWORK_SEARCH_PATHS = (
					"$(inherited)",
					"$(PROJECT_DIR)/Carthage/Build/iOS",
				);
				INFOPLIST_FILE = DropBeers/Info.plist;
				LD_RUNPATH_SEARCH_PATHS = (
					"$(inherited)",
					"@executable_path/Frameworks",
				);
				PRODUCT_BUNDLE_IDENTIFIER = com.DropBeers;
				PRODUCT_NAME = "$(TARGET_NAME)";
				SWIFT_VERSION = 5.0;
				TARGETED_DEVICE_FAMILY = 1;
			};
			name = Release;
		};
		7B9C34832502DD930059D314 /* Debug */ = {
			isa = XCBuildConfiguration;
			buildSettings = {
				ALWAYS_EMBED_SWIFT_STANDARD_LIBRARIES = YES;
				BUNDLE_LOADER = "$(TEST_HOST)";
				CODE_SIGN_STYLE = Automatic;
				DEVELOPMENT_TEAM = YDABZ672Z5;
				INFOPLIST_FILE = DropBeersTests/Info.plist;
				IPHONEOS_DEPLOYMENT_TARGET = 13.7;
				LD_RUNPATH_SEARCH_PATHS = (
					"$(inherited)",
					"@executable_path/Frameworks",
					"@loader_path/Frameworks",
				);
				PRODUCT_BUNDLE_IDENTIFIER = com.DropBeersTests;
				PRODUCT_NAME = "$(TARGET_NAME)";
				SWIFT_VERSION = 5.0;
				TARGETED_DEVICE_FAMILY = "1,2";
				TEST_HOST = "$(BUILT_PRODUCTS_DIR)/DropBeers.app/DropBeers";
			};
			name = Debug;
		};
		7B9C34842502DD930059D314 /* Release */ = {
			isa = XCBuildConfiguration;
			buildSettings = {
				ALWAYS_EMBED_SWIFT_STANDARD_LIBRARIES = YES;
				BUNDLE_LOADER = "$(TEST_HOST)";
				CODE_SIGN_STYLE = Automatic;
				DEVELOPMENT_TEAM = YDABZ672Z5;
				INFOPLIST_FILE = DropBeersTests/Info.plist;
				IPHONEOS_DEPLOYMENT_TARGET = 13.7;
				LD_RUNPATH_SEARCH_PATHS = (
					"$(inherited)",
					"@executable_path/Frameworks",
					"@loader_path/Frameworks",
				);
				PRODUCT_BUNDLE_IDENTIFIER = com.DropBeersTests;
				PRODUCT_NAME = "$(TARGET_NAME)";
				SWIFT_VERSION = 5.0;
				TARGETED_DEVICE_FAMILY = "1,2";
				TEST_HOST = "$(BUILT_PRODUCTS_DIR)/DropBeers.app/DropBeers";
			};
			name = Release;
		};
		7B9C34862502DD930059D314 /* Debug */ = {
			isa = XCBuildConfiguration;
			buildSettings = {
				ALWAYS_EMBED_SWIFT_STANDARD_LIBRARIES = YES;
				CODE_SIGN_STYLE = Automatic;
				DEVELOPMENT_TEAM = YDABZ672Z5;
				INFOPLIST_FILE = DropBeersUITests/Info.plist;
				LD_RUNPATH_SEARCH_PATHS = (
					"$(inherited)",
					"@executable_path/Frameworks",
					"@loader_path/Frameworks",
				);
				PRODUCT_BUNDLE_IDENTIFIER = com.DropBeersUITests;
				PRODUCT_NAME = "$(TARGET_NAME)";
				SWIFT_VERSION = 5.0;
				TARGETED_DEVICE_FAMILY = "1,2";
				TEST_TARGET_NAME = DropBeers;
			};
			name = Debug;
		};
		7B9C34872502DD930059D314 /* Release */ = {
			isa = XCBuildConfiguration;
			buildSettings = {
				ALWAYS_EMBED_SWIFT_STANDARD_LIBRARIES = YES;
				CODE_SIGN_STYLE = Automatic;
				DEVELOPMENT_TEAM = YDABZ672Z5;
				INFOPLIST_FILE = DropBeersUITests/Info.plist;
				LD_RUNPATH_SEARCH_PATHS = (
					"$(inherited)",
					"@executable_path/Frameworks",
					"@loader_path/Frameworks",
				);
				PRODUCT_BUNDLE_IDENTIFIER = com.DropBeersUITests;
				PRODUCT_NAME = "$(TARGET_NAME)";
				SWIFT_VERSION = 5.0;
				TARGETED_DEVICE_FAMILY = "1,2";
				TEST_TARGET_NAME = DropBeers;
			};
			name = Release;
		};
/* End XCBuildConfiguration section */

/* Begin XCConfigurationList section */
		7B9C34502502DD920059D314 /* Build configuration list for PBXProject "DropBeers" */ = {
			isa = XCConfigurationList;
			buildConfigurations = (
				7B9C347D2502DD930059D314 /* Debug */,
				7B9C347E2502DD930059D314 /* Release */,
			);
			defaultConfigurationIsVisible = 0;
			defaultConfigurationName = Release;
		};
		7B9C347F2502DD930059D314 /* Build configuration list for PBXNativeTarget "DropBeers" */ = {
			isa = XCConfigurationList;
			buildConfigurations = (
				7B9C34802502DD930059D314 /* Debug */,
				7B9C34812502DD930059D314 /* Release */,
			);
			defaultConfigurationIsVisible = 0;
			defaultConfigurationName = Release;
		};
		7B9C34822502DD930059D314 /* Build configuration list for PBXNativeTarget "DropBeersTests" */ = {
			isa = XCConfigurationList;
			buildConfigurations = (
				7B9C34832502DD930059D314 /* Debug */,
				7B9C34842502DD930059D314 /* Release */,
			);
			defaultConfigurationIsVisible = 0;
			defaultConfigurationName = Release;
		};
		7B9C34852502DD930059D314 /* Build configuration list for PBXNativeTarget "DropBeersUITests" */ = {
			isa = XCConfigurationList;
			buildConfigurations = (
				7B9C34862502DD930059D314 /* Debug */,
				7B9C34872502DD930059D314 /* Release */,
			);
			defaultConfigurationIsVisible = 0;
			defaultConfigurationName = Release;
		};
/* End XCConfigurationList section */
	};
	rootObject = 7B9C344D2502DD920059D314 /* Project object */;
}
